
Microsoft Visual Studio Solution File, Format Version 12.00
# Visual Studio 15
VisualStudioVersion = 15.0.27428.2005
MinimumVisualStudioVersion = 10.0.40219.1
Project("{F14B399A-7131-4C87-9E4B-1186C45EF12D}") = "Hull Reports", "Hull Reports\Hull Reports.rptproj", "{F7565C68-51B1-4EA3-92F8-3FAB43C8EDA2}"
EndProject
Global
	GlobalSection(SolutionConfigurationPlatforms) = preSolution
		Debug|Default = Debug|Default
		DebugLocal|Default = DebugLocal|Default
		Release|Default = Release|Default
	EndGlobalSection
	GlobalSection(ProjectConfigurationPlatforms) = postSolution
		{F7565C68-51B1-4EA3-92F8-3FAB43C8EDA2}.Debug|Default.ActiveCfg = Debug
		{F7565C68-51B1-4EA3-92F8-3FAB43C8EDA2}.Debug|Default.Build.0 = Debug
		{F7565C68-51B1-4EA3-92F8-3FAB43C8EDA2}.Debug|Default.Deploy.0 = Debug
		{F7565C68-51B1-4EA3-92F8-3FAB43C8EDA2}.DebugLocal|Default.ActiveCfg = DebugLocal
		{F7565C68-51B1-4EA3-92F8-3FAB43C8EDA2}.DebugLocal|Default.Build.0 = DebugLocal
		{F7565C68-51B1-4EA3-92F8-3FAB43C8EDA2}.Release|Default.ActiveCfg = Release
		{F7565C68-51B1-4EA3-92F8-3FAB43C8EDA2}.Release|Default.Build.0 = Release
		{F7565C68-51B1-4EA3-92F8-3FAB43C8EDA2}.Release|Default.Deploy.0 = Release
	EndGlobalSection
	GlobalSection(SolutionProperties) = preSolution
		HideSolutionNode = FALSE
	EndGlobalSection
	GlobalSection(ExtensibilityGlobals) = postSolution
		SolutionGuid = {0C43D21E-3E4F-48D5-8859-5CDF831465ED}
	EndGlobalSection
EndGlobal
